// !$*UTF8*$!
{
	archiveVersion = 1;
	classes = {
	};
	objectVersion = 50;
	objects = {

/* Begin PBXBuildFile section */
		226C2D1425F3D15F0061BE0D /* AppDelegate.swift in Sources */ = {isa = PBXBuildFile; fileRef = 226C2D1325F3D15F0061BE0D /* AppDelegate.swift */; };
		226C2D1625F3D15F0061BE0D /* SceneDelegate.swift in Sources */ = {isa = PBXBuildFile; fileRef = 226C2D1525F3D15F0061BE0D /* SceneDelegate.swift */; };
		226C2D1825F3D15F0061BE0D /* ViewController.swift in Sources */ = {isa = PBXBuildFile; fileRef = 226C2D1725F3D15F0061BE0D /* ViewController.swift */; };
		226C2D1B25F3D15F0061BE0D /* Main.storyboard in Resources */ = {isa = PBXBuildFile; fileRef = 226C2D1925F3D15F0061BE0D /* Main.storyboard */; };
		226C2D1D25F3D1830061BE0D /* Assets.xcassets in Resources */ = {isa = PBXBuildFile; fileRef = 226C2D1C25F3D1830061BE0D /* Assets.xcassets */; };
		226C2D2025F3D1830061BE0D /* LaunchScreen.storyboard in Resources */ = {isa = PBXBuildFile; fileRef = 226C2D1E25F3D1830061BE0D /* LaunchScreen.storyboard */; };
		226C2D2925F3D3FE0061BE0D /* Friend.swift in Sources */ = {isa = PBXBuildFile; fileRef = 226C2D2825F3D3FE0061BE0D /* Friend.swift */; };
		226C2D2C25F3E0B00061BE0D /* FriendViewController.swift in Sources */ = {isa = PBXBuildFile; fileRef = 226C2D2B25F3E0B00061BE0D /* FriendViewController.swift */; };
		226C2D2F25F3E9540061BE0D /* TextTableViewCell.swift in Sources */ = {isa = PBXBuildFile; fileRef = 226C2D2E25F3E9540061BE0D /* TextTableViewCell.swift */; };
		226C2D3225F4438F0061BE0D /* Int-TimeFormatting.swift in Sources */ = {isa = PBXBuildFile; fileRef = 226C2D3125F4438F0061BE0D /* Int-TimeFormatting.swift */; };
		226C2D3525F538250061BE0D /* Coordinator.swift in Sources */ = {isa = PBXBuildFile; fileRef = 226C2D3425F538250061BE0D /* Coordinator.swift */; };
		226C2D3825F539F10061BE0D /* MainCoordinator.swift in Sources */ = {isa = PBXBuildFile; fileRef = 226C2D3725F539F10061BE0D /* MainCoordinator.swift */; };
		226C2D3B25F53BCB0061BE0D /* Storeboarded.swift in Sources */ = {isa = PBXBuildFile; fileRef = 226C2D3A25F53BCB0061BE0D /* Storeboarded.swift */; };
/* End PBXBuildFile section */

/* Begin PBXFileReference section */
		226C2D1025F3D15F0061BE0D /* FamZone.app */ = {isa = PBXFileReference; explicitFileType = wrapper.application; includeInIndex = 0; path = FamZone.app; sourceTree = BUILT_PRODUCTS_DIR; };
		226C2D1325F3D15F0061BE0D /* AppDelegate.swift */ = {isa = PBXFileReference; lastKnownFileType = sourcecode.swift; path = AppDelegate.swift; sourceTree = "<group>"; };
		226C2D1525F3D15F0061BE0D /* SceneDelegate.swift */ = {isa = PBXFileReference; lastKnownFileType = sourcecode.swift; path = SceneDelegate.swift; sourceTree = "<group>"; };
		226C2D1725F3D15F0061BE0D /* ViewController.swift */ = {isa = PBXFileReference; lastKnownFileType = sourcecode.swift; path = ViewController.swift; sourceTree = "<group>"; };
		226C2D1A25F3D15F0061BE0D /* Base */ = {isa = PBXFileReference; lastKnownFileType = file.storyboard; name = Base; path = Base.lproj/Main.storyboard; sourceTree = "<group>"; };
		226C2D1C25F3D1830061BE0D /* Assets.xcassets */ = {isa = PBXFileReference; lastKnownFileType = folder.assetcatalog; path = Assets.xcassets; sourceTree = "<group>"; };
		226C2D1F25F3D1830061BE0D /* Base */ = {isa = PBXFileReference; lastKnownFileType = file.storyboard; name = Base; path = Base.lproj/LaunchScreen.storyboard; sourceTree = "<group>"; };
		226C2D2125F3D1830061BE0D /* Info.plist */ = {isa = PBXFileReference; lastKnownFileType = text.plist.xml; path = Info.plist; sourceTree = "<group>"; };
		226C2D2825F3D3FE0061BE0D /* Friend.swift */ = {isa = PBXFileReference; lastKnownFileType = sourcecode.swift; path = Friend.swift; sourceTree = "<group>"; };
		226C2D2B25F3E0B00061BE0D /* FriendViewController.swift */ = {isa = PBXFileReference; lastKnownFileType = sourcecode.swift; path = FriendViewController.swift; sourceTree = "<group>"; };
		226C2D2E25F3E9540061BE0D /* TextTableViewCell.swift */ = {isa = PBXFileReference; lastKnownFileType = sourcecode.swift; path = TextTableViewCell.swift; sourceTree = "<group>"; };
		226C2D3125F4438F0061BE0D /* Int-TimeFormatting.swift */ = {isa = PBXFileReference; lastKnownFileType = sourcecode.swift; path = "Int-TimeFormatting.swift"; sourceTree = "<group>"; };
		226C2D3425F538250061BE0D /* Coordinator.swift */ = {isa = PBXFileReference; lastKnownFileType = sourcecode.swift; path = Coordinator.swift; sourceTree = "<group>"; };
		226C2D3725F539F10061BE0D /* MainCoordinator.swift */ = {isa = PBXFileReference; lastKnownFileType = sourcecode.swift; path = MainCoordinator.swift; sourceTree = "<group>"; };
		226C2D3A25F53BCB0061BE0D /* Storeboarded.swift */ = {isa = PBXFileReference; lastKnownFileType = sourcecode.swift; path = Storeboarded.swift; sourceTree = "<group>"; };
/* End PBXFileReference section */

/* Begin PBXFrameworksBuildPhase section */
		226C2D0D25F3D15F0061BE0D /* Frameworks */ = {
			isa = PBXFrameworksBuildPhase;
			buildActionMask = 2147483647;
			files = (
			);
			runOnlyForDeploymentPostprocessing = 0;
		};
/* End PBXFrameworksBuildPhase section */

/* Begin PBXGroup section */
		226C2D0725F3D15F0061BE0D = {
			isa = PBXGroup;
			children = (
				226C2D1225F3D15F0061BE0D /* FamZone */,
				226C2D1125F3D15F0061BE0D /* Products */,
			);
			sourceTree = "<group>";
		};
		226C2D1125F3D15F0061BE0D /* Products */ = {
			isa = PBXGroup;
			children = (
				226C2D1025F3D15F0061BE0D /* FamZone.app */,
			);
			name = Products;
			sourceTree = "<group>";
		};
		226C2D1225F3D15F0061BE0D /* FamZone */ = {
			isa = PBXGroup;
			children = (
				226C2D3425F538250061BE0D /* Coordinator.swift */,
				226C2D3725F539F10061BE0D /* MainCoordinator.swift */,
				226C2D3A25F53BCB0061BE0D /* Storeboarded.swift */,
				226C2D3E25F54BBB0061BE0D /* Coordinators */,
				226C2D1325F3D15F0061BE0D /* AppDelegate.swift */,
				226C2D1525F3D15F0061BE0D /* SceneDelegate.swift */,
				226C2D2E25F3E9540061BE0D /* TextTableViewCell.swift */,
				226C2D1725F3D15F0061BE0D /* ViewController.swift */,
				226C2D2B25F3E0B00061BE0D /* FriendViewController.swift */,
				226C2D3125F4438F0061BE0D /* Int-TimeFormatting.swift */,
				226C2D2825F3D3FE0061BE0D /* Friend.swift */,
				226C2D1925F3D15F0061BE0D /* Main.storyboard */,
				226C2D1C25F3D1830061BE0D /* Assets.xcassets */,
				226C2D1E25F3D1830061BE0D /* LaunchScreen.storyboard */,
				226C2D2125F3D1830061BE0D /* Info.plist */,
			);
			path = FamZone;
			sourceTree = "<group>";
		};
		226C2D3E25F54BBB0061BE0D /* Coordinators */ = {
			isa = PBXGroup;
			children = (
			);
			path = Coordinators;
			sourceTree = "<group>";
		};
/* End PBXGroup section */

/* Begin PBXNativeTarget section */
		226C2D0F25F3D15F0061BE0D /* FamZone */ = {
			isa = PBXNativeTarget;
			buildConfigurationList = 226C2D2425F3D1830061BE0D /* Build configuration list for PBXNativeTarget "FamZone" */;
			buildPhases = (
				226C2D0C25F3D15F0061BE0D /* Sources */,
				226C2D0D25F3D15F0061BE0D /* Frameworks */,
				226C2D0E25F3D15F0061BE0D /* Resources */,
			);
			buildRules = (
			);
			dependencies = (
			);
			name = FamZone;
			productName = FamZone;
			productReference = 226C2D1025F3D15F0061BE0D /* FamZone.app */;
			productType = "com.apple.product-type.application";
		};
/* End PBXNativeTarget section */

/* Begin PBXProject section */
		226C2D0825F3D15F0061BE0D /* Project object */ = {
			isa = PBXProject;
			attributes = {
				LastSwiftUpdateCheck = 1230;
				LastUpgradeCheck = 1230;
				TargetAttributes = {
					226C2D0F25F3D15F0061BE0D = {
						CreatedOnToolsVersion = 12.3;
					};
				};
			};
			buildConfigurationList = 226C2D0B25F3D15F0061BE0D /* Build configuration list for PBXProject "FamZone" */;
			compatibilityVersion = "Xcode 9.3";
			developmentRegion = en;
			hasScannedForEncodings = 0;
			knownRegions = (
				en,
				Base,
			);
			mainGroup = 226C2D0725F3D15F0061BE0D;
			productRefGroup = 226C2D1125F3D15F0061BE0D /* Products */;
			projectDirPath = "";
			projectRoot = "";
			targets = (
				226C2D0F25F3D15F0061BE0D /* FamZone */,
			);
		};
/* End PBXProject section */

/* Begin PBXResourcesBuildPhase section */
		226C2D0E25F3D15F0061BE0D /* Resources */ = {
			isa = PBXResourcesBuildPhase;
			buildActionMask = 2147483647;
			files = (
				226C2D2025F3D1830061BE0D /* LaunchScreen.storyboard in Resources */,
				226C2D1D25F3D1830061BE0D /* Assets.xcassets in Resources */,
				226C2D1B25F3D15F0061BE0D /* Main.storyboard in Resources */,
			);
			runOnlyForDeploymentPostprocessing = 0;
		};
/* End PBXResourcesBuildPhase section */

/* Begin PBXSourcesBuildPhase section */
		226C2D0C25F3D15F0061BE0D /* Sources */ = {
			isa = PBXSourcesBuildPhase;
			buildActionMask = 2147483647;
			files = (
				226C2D3525F538250061BE0D /* Coordinator.swift in Sources */,
				226C2D2F25F3E9540061BE0D /* TextTableViewCell.swift in Sources */,
				226C2D1825F3D15F0061BE0D /* ViewController.swift in Sources */,
				226C2D1425F3D15F0061BE0D /* AppDelegate.swift in Sources */,
				226C2D1625F3D15F0061BE0D /* SceneDelegate.swift in Sources */,
				226C2D3B25F53BCB0061BE0D /* Storeboarded.swift in Sources */,
				226C2D2925F3D3FE0061BE0D /* Friend.swift in Sources */,
				226C2D2C25F3E0B00061BE0D /* FriendViewController.swift in Sources */,
				226C2D3825F539F10061BE0D /* MainCoordinator.swift in Sources */,
				226C2D3225F4438F0061BE0D /* Int-TimeFormatting.swift in Sources */,
			);
			runOnlyForDeploymentPostprocessing = 0;
		};
/* End PBXSourcesBuildPhase section */

/* Begin PBXVariantGroup section */
		226C2D1925F3D15F0061BE0D /* Main.storyboard */ = {
			isa = PBXVariantGroup;
			children = (
				226C2D1A25F3D15F0061BE0D /* Base */,
			);
			name = Main.storyboard;
			sourceTree = "<group>";
		};
		226C2D1E25F3D1830061BE0D /* LaunchScreen.storyboard */ = {
			isa = PBXVariantGroup;
			children = (
				226C2D1F25F3D1830061BE0D /* Base */,
			);
			name = LaunchScreen.storyboard;
			sourceTree = "<group>";
		};
/* End PBXVariantGroup section */

/* Begin XCBuildConfiguration section */
		226C2D2225F3D1830061BE0D /* Debug */ = {
			isa = XCBuildConfiguration;
			buildSettings = {
				ALWAYS_SEARCH_USER_PATHS = NO;
				CLANG_ANALYZER_NONNULL = YES;
				CLANG_ANALYZER_NUMBER_OBJECT_CONVERSION = YES_AGGRESSIVE;
				CLANG_CXX_LANGUAGE_STANDARD = "gnu++14";
				CLANG_CXX_LIBRARY = "libc++";
				CLANG_ENABLE_MODULES = YES;
				CLANG_ENABLE_OBJC_ARC = YES;
				CLANG_ENABLE_OBJC_WEAK = YES;
				CLANG_WARN_BLOCK_CAPTURE_AUTORELEASING = YES;
				CLANG_WARN_BOOL_CONVERSION = YES;
				CLANG_WARN_COMMA = YES;
				CLANG_WARN_CONSTANT_CONVERSION = YES;
				CLANG_WARN_DEPRECATED_OBJC_IMPLEMENTATIONS = YES;
				CLANG_WARN_DIRECT_OBJC_ISA_USAGE = YES_ERROR;
				CLANG_WARN_DOCUMENTATION_COMMENTS = YES;
				CLANG_WARN_EMPTY_BODY = YES;
				CLANG_WARN_ENUM_CONVERSION = YES;
				CLANG_WARN_INFINITE_RECURSION = YES;
				CLANG_WARN_INT_CONVERSION = YES;
				CLANG_WARN_NON_LITERAL_NULL_CONVERSION = YES;
				CLANG_WARN_OBJC_IMPLICIT_RETAIN_SELF = YES;
				CLANG_WARN_OBJC_LITERAL_CONVERSION = YES;
				CLANG_WARN_OBJC_ROOT_CLASS = YES_ERROR;
				CLANG_WARN_QUOTED_INCLUDE_IN_FRAMEWORK_HEADER = YES;
				CLANG_WARN_RANGE_LOOP_ANALYSIS = YES;
				CLANG_WARN_STRICT_PROTOTYPES = YES;
				CLANG_WARN_SUSPICIOUS_MOVE = YES;
				CLANG_WARN_UNGUARDED_AVAILABILITY = YES_AGGRESSIVE;
				CLANG_WARN_UNREACHABLE_CODE = YES;
				CLANG_WARN__DUPLICATE_METHOD_MATCH = YES;
				COPY_PHASE_STRIP = NO;
				DEBUG_INFORMATION_FORMAT = dwarf;
				ENABLE_STRICT_OBJC_MSGSEND = YES;
				ENABLE_TESTABILITY = YES;
				GCC_C_LANGUAGE_STANDARD = gnu11;
				GCC_DYNAMIC_NO_PIC = NO;
				GCC_NO_COMMON_BLOCKS = YES;
				GCC_OPTIMIZATION_LEVEL = 0;
				GCC_PREPROCESSOR_DEFINITIONS = (
					"DEBUG=1",
					"$(inherited)",
				);
				GCC_WARN_64_TO_32_BIT_CONVERSION = YES;
				GCC_WARN_ABOUT_RETURN_TYPE = YES_ERROR;
				GCC_WARN_UNDECLARED_SELECTOR = YES;
				GCC_WARN_UNINITIALIZED_AUTOS = YES_AGGRESSIVE;
				GCC_WARN_UNUSED_FUNCTION = YES;
				GCC_WARN_UNUSED_VARIABLE = YES;
				IPHONEOS_DEPLOYMENT_TARGET = 14.3;
				MTL_ENABLE_DEBUG_INFO = INCLUDE_SOURCE;
				MTL_FAST_MATH = YES;
				ONLY_ACTIVE_ARCH = YES;
				SDKROOT = iphoneos;
				SWIFT_ACTIVE_COMPILATION_CONDITIONS = DEBUG;
				SWIFT_OPTIMIZATION_LEVEL = "-Onone";
			};
			name = Debug;
		};
		226C2D2325F3D1830061BE0D /* Release */ = {
			isa = XCBuildConfiguration;
			buildSettings = {
				ALWAYS_SEARCH_USER_PATHS = NO;
				CLANG_ANALYZER_NONNULL = YES;
				CLANG_ANALYZER_NUMBER_OBJECT_CONVERSION = YES_AGGRESSIVE;
				CLANG_CXX_LANGUAGE_STANDARD = "gnu++14";
				CLANG_CXX_LIBRARY = "libc++";
				CLANG_ENABLE_MODULES = YES;
				CLANG_ENABLE_OBJC_ARC = YES;
				CLANG_ENABLE_OBJC_WEAK = YES;
				CLANG_WARN_BLOCK_CAPTURE_AUTORELEASING = YES;
				CLANG_WARN_BOOL_CONVERSION = YES;
				CLANG_WARN_COMMA = YES;
				CLANG_WARN_CONSTANT_CONVERSION = YES;
				CLANG_WARN_DEPRECATED_OBJC_IMPLEMENTATIONS = YES;
				CLANG_WARN_DIRECT_OBJC_ISA_USAGE = YES_ERROR;
				CLANG_WARN_DOCUMENTATION_COMMENTS = YES;
				CLANG_WARN_EMPTY_BODY = YES;
				CLANG_WARN_ENUM_CONVERSION = YES;
				CLANG_WARN_INFINITE_RECURSION = YES;
				CLANG_WARN_INT_CONVERSION = YES;
				CLANG_WARN_NON_LITERAL_NULL_CONVERSION = YES;
				CLANG_WARN_OBJC_IMPLICIT_RETAIN_SELF = YES;
				CLANG_WARN_OBJC_LITERAL_CONVERSION = YES;
				CLANG_WARN_OBJC_ROOT_CLASS = YES_ERROR;
				CLANG_WARN_QUOTED_INCLUDE_IN_FRAMEWORK_HEADER = YES;
				CLANG_WARN_RANGE_LOOP_ANALYSIS = YES;
				CLANG_WARN_STRICT_PROTOTYPES = YES;
				CLANG_WARN_SUSPICIOUS_MOVE = YES;
				CLANG_WARN_UNGUARDED_AVAILABILITY = YES_AGGRESSIVE;
				CLANG_WARN_UNREACHABLE_CODE = YES;
				CLANG_WARN__DUPLICATE_METHOD_MATCH = YES;
				COPY_PHASE_STRIP = NO;
				DEBUG_INFORMATION_FORMAT = "dwarf-with-dsym";
				ENABLE_NS_ASSERTIONS = NO;
				ENABLE_STRICT_OBJC_MSGSEND = YES;
				GCC_C_LANGUAGE_STANDARD = gnu11;
				GCC_NO_COMMON_BLOCKS = YES;
				GCC_WARN_64_TO_32_BIT_CONVERSION = YES;
				GCC_WARN_ABOUT_RETURN_TYPE = YES_ERROR;
				GCC_WARN_UNDECLARED_SELECTOR = YES;
				GCC_WARN_UNINITIALIZED_AUTOS = YES_AGGRESSIVE;
				GCC_WARN_UNUSED_FUNCTION = YES;
				GCC_WARN_UNUSED_VARIABLE = YES;
				IPHONEOS_DEPLOYMENT_TARGET = 14.3;
				MTL_ENABLE_DEBUG_INFO = NO;
				MTL_FAST_MATH = YES;
				SDKROOT = iphoneos;
				SWIFT_COMPILATION_MODE = wholemodule;
				SWIFT_OPTIMIZATION_LEVEL = "-O";
				VALIDATE_PRODUCT = YES;
			};
			name = Release;
		};
		226C2D2525F3D1830061BE0D /* Debug */ = {
			isa = XCBuildConfiguration;
			buildSettings = {
				ASSETCATALOG_COMPILER_APPICON_NAME = AppIcon;
				ASSETCATALOG_COMPILER_GLOBAL_ACCENT_COLOR_NAME = AccentColor;
				CODE_SIGN_STYLE = Automatic;
				DEVELOPMENT_TEAM = SC6R6MV2N8;
				INFOPLIST_FILE = FamZone/Info.plist;
				LD_RUNPATH_SEARCH_PATHS = (
					"$(inherited)",
					"@executable_path/Frameworks",
				);
				PRODUCT_BUNDLE_IDENTIFIER = com.beyond2021.FamZone;
				PRODUCT_NAME = "$(TARGET_NAME)";
				SWIFT_VERSION = 5.0;
				TARGETED_DEVICE_FAMILY = "1,2";
			};
			name = Debug;
		};
		226C2D2625F3D1830061BE0D /* Release */ = {
			isa = XCBuildConfiguration;
			buildSettings = {
				ASSETCATALOG_COMPILER_APPICON_NAME = AppIcon;
				ASSETCATALOG_COMPILER_GLOBAL_ACCENT_COLOR_NAME = AccentColor;
				CODE_SIGN_STYLE = Automatic;
				DEVELOPMENT_TEAM = SC6R6MV2N8;
				INFOPLIST_FILE = FamZone/Info.plist;
				LD_RUNPATH_SEARCH_PATHS = (
					"$(inherited)",
					"@executable_path/Frameworks",
				);
				PRODUCT_BUNDLE_IDENTIFIER = com.beyond2021.FamZone;
				PRODUCT_NAME = "$(TARGET_NAME)";
				SWIFT_VERSION = 5.0;
				TARGETED_DEVICE_FAMILY = "1,2";
			};
			name = Release;
		};
/* End XCBuildConfiguration section */

/* Begin XCConfigurationList section */
		226C2D0B25F3D15F0061BE0D /* Build configuration list for PBXProject "FamZone" */ = {
			isa = XCConfigurationList;
			buildConfigurations = (
				226C2D2225F3D1830061BE0D /* Debug */,
				226C2D2325F3D1830061BE0D /* Release */,
			);
			defaultConfigurationIsVisible = 0;
			defaultConfigurationName = Release;
		};
		226C2D2425F3D1830061BE0D /* Build configuration list for PBXNativeTarget "FamZone" */ = {
			isa = XCConfigurationList;
			buildConfigurations = (
				226C2D2525F3D1830061BE0D /* Debug */,
				226C2D2625F3D1830061BE0D /* Release */,
			);
			defaultConfigurationIsVisible = 0;
			defaultConfigurationName = Release;
		};
/* End XCConfigurationList section */
	};
	rootObject = 226C2D0825F3D15F0061BE0D /* Project object */;
}
